
Microsoft Visual Studio Solution File, Format Version 12.00
# Visual Studio Version 16
VisualStudioVersion = 16.0.29709.97
MinimumVisualStudioVersion = 10.0.40219.1
Project("{2150E333-8FDC-42A3-9474-1A3956D46DE8}") = "Canteen.APP", "Canteen.APP", "{2389BC32-C1B1-48C3-9270-CFF207341FAE}"
EndProject
Project("{2150E333-8FDC-42A3-9474-1A3956D46DE8}") = "src", "src", "{39DF95CD-9B08-4111-BCE8-73D8DA917F8D}"
EndProject
Project("{2150E333-8FDC-42A3-9474-1A3956D46DE8}") = "tests", "tests", "{427EA428-604C-4E8D-85A3-426BC42E0E8A}"
EndProject
Project("{FAE04EC0-301F-11D3-BF4B-00C04F79EFBC}") = "Canteen.API", "Canteen.API\Canteen.API.csproj", "{F5880577-2104-48E6-AFD4-1D345BD35375}"
	ProjectSection(ProjectDependencies) = postProject
		{C71251E2-BB69-4DAD-A3AC-70AE61758079} = {C71251E2-BB69-4DAD-A3AC-70AE61758079}
	EndProjectSection
EndProject
Project("{FAE04EC0-301F-11D3-BF4B-00C04F79EFBC}") = "Canteen.Core", "Canteen.Core\Canteen.Core.csproj", "{C71251E2-BB69-4DAD-A3AC-70AE61758079}"
EndProject
Global
	GlobalSection(SolutionConfigurationPlatforms) = preSolution
		Debug|Any CPU = Debug|Any CPU
		Release|Any CPU = Release|Any CPU
	EndGlobalSection
	GlobalSection(ProjectConfigurationPlatforms) = postSolution
		{F5880577-2104-48E6-AFD4-1D345BD35375}.Debug|Any CPU.ActiveCfg = Debug|Any CPU
		{F5880577-2104-48E6-AFD4-1D345BD35375}.Debug|Any CPU.Build.0 = Debug|Any CPU
		{F5880577-2104-48E6-AFD4-1D345BD35375}.Release|Any CPU.ActiveCfg = Release|Any CPU
		{F5880577-2104-48E6-AFD4-1D345BD35375}.Release|Any CPU.Build.0 = Release|Any CPU
		{C71251E2-BB69-4DAD-A3AC-70AE61758079}.Debug|Any CPU.ActiveCfg = Debug|Any CPU
		{C71251E2-BB69-4DAD-A3AC-70AE61758079}.Debug|Any CPU.Build.0 = Debug|Any CPU
		{C71251E2-BB69-4DAD-A3AC-70AE61758079}.Release|Any CPU.ActiveCfg = Release|Any CPU
		{C71251E2-BB69-4DAD-A3AC-70AE61758079}.Release|Any CPU.Build.0 = Release|Any CPU
	EndGlobalSection
	GlobalSection(SolutionProperties) = preSolution
		HideSolutionNode = FALSE
	EndGlobalSection
	GlobalSection(NestedProjects) = preSolution
		{39DF95CD-9B08-4111-BCE8-73D8DA917F8D} = {2389BC32-C1B1-48C3-9270-CFF207341FAE}
		{427EA428-604C-4E8D-85A3-426BC42E0E8A} = {2389BC32-C1B1-48C3-9270-CFF207341FAE}
		{F5880577-2104-48E6-AFD4-1D345BD35375} = {39DF95CD-9B08-4111-BCE8-73D8DA917F8D}
		{C71251E2-BB69-4DAD-A3AC-70AE61758079} = {39DF95CD-9B08-4111-BCE8-73D8DA917F8D}
	EndGlobalSection
	GlobalSection(ExtensibilityGlobals) = postSolution
		SolutionGuid = {FC933E87-FB4F-4097-9B9A-9B6FA3F57EEA}
	EndGlobalSection
EndGlobal
